
Microsoft Visual Studio Solution File, Format Version 12.00
# Visual Studio Version 16
VisualStudioVersion = 16.0.30413.136
MinimumVisualStudioVersion = 10.0.40219.1
Project("{8BC9CEB8-8B4A-11D0-8D11-00A0C91BC942}") = "Лабораторная работа - наследование", "Лабораторная работа - наследование\Лабораторная работа - наследование.vcxproj", "{F6739DE1-0D6F-4BDE-AC27-1E42DD0EDEE6}"
EndProject
Global
	GlobalSection(SolutionConfigurationPlatforms) = preSolution
		Debug|x64 = Debug|x64
		Debug|x86 = Debug|x86
		Release|x64 = Release|x64
		Release|x86 = Release|x86
	EndGlobalSection
	GlobalSection(ProjectConfigurationPlatforms) = postSolution
		{F6739DE1-0D6F-4BDE-AC27-1E42DD0EDEE6}.Debug|x64.ActiveCfg = Debug|x64
		{F6739DE1-0D6F-4BDE-AC27-1E42DD0EDEE6}.Debug|x64.Build.0 = Debug|x64
		{F6739DE1-0D6F-4BDE-AC27-1E42DD0EDEE6}.Debug|x86.ActiveCfg = Debug|Win32
		{F6739DE1-0D6F-4BDE-AC27-1E42DD0EDEE6}.Debug|x86.Build.0 = Debug|Win32
		{F6739DE1-0D6F-4BDE-AC27-1E42DD0EDEE6}.Release|x64.ActiveCfg = Release|x64
		{F6739DE1-0D6F-4BDE-AC27-1E42DD0EDEE6}.Release|x64.Build.0 = Release|x64
		{F6739DE1-0D6F-4BDE-AC27-1E42DD0EDEE6}.Release|x86.ActiveCfg = Release|Win32
		{F6739DE1-0D6F-4BDE-AC27-1E42DD0EDEE6}.Release|x86.Build.0 = Release|Win32
	EndGlobalSection
	GlobalSection(SolutionProperties) = preSolution
		HideSolutionNode = FALSE
	EndGlobalSection
	GlobalSection(ExtensibilityGlobals) = postSolution
		SolutionGuid = {0240B2BD-3C8C-4768-8F85-40DFD61AFBF0}
	EndGlobalSection
EndGlobal
